{
  "name": "nvim",
  "lockfileVersion": 3,
  "requires": true,
  "packages": {
    "": {
      "dependencies": {
        "deno": "^2.5.0",
        "tree-sitter": "^0.25.0",
        "tree-sitter-cli": "^0.27.0"
      }
    },
    "node_modules/@deno/darwin-arm64": {
      "version": "2.5.0",
      "resolved": "https://registry.npmjs.org/@deno/darwin-arm64/-/darwin-arm64-2.5.0.tgz",
      "integrity": "sha512-1x8VmjfO7nPhVdKuRO0vVCSyxbzbhoiYpwTsM6c1dI1LLjLq/yLszHyStH0SE0gd+9XMVgrXLdrRPWrePW7WmQ==",
      "cpu": [
        "arm64"
      ],
      "optional": true,
      "os": [
        "darwin"
      ]
    },
    "node_modules/@deno/darwin-x64": {
      "version": "2.5.0",
      "resolved": "https://registry.npmjs.org/@deno/darwin-x64/-/darwin-x64-2.5.0.tgz",
      "integrity": "sha512-yiWqH+L4G7DLX/LSr/x2kImn1DaDh/G14TLdLuLBzcdwZ9XuM/lNjgSe7xc35WlhyXAkf0J/K2yi7kNqHJoItw==",
      "cpu": [
        "x64"
      ],
      "optional": true,
      "os": [
        "darwin"
      ]
    },
    "node_modules/@deno/linux-arm64-glibc": {
      "version": "2.5.0",
      "resolved": "https://registry.npmjs.org/@deno/linux-arm64-glibc/-/linux-arm64-glibc-2.5.0.tgz",
      "integrity": "sha512-bkx6ITvYh9xS/GVbzzriotM3MA+3RIzDxohvmPosYfDzIckcROzTvvXkl73pLwvAnDfdbw7DF1qpUmU480vv4w==",
      "cpu": [
        "arm64"
      ],
      "optional": true,
      "os": [
        "linux"
      ]
    },
    "node_modules/@deno/linux-x64-glibc": {
      "version": "2.5.0",
      "resolved": "https://registry.npmjs.org/@deno/linux-x64-glibc/-/linux-x64-glibc-2.5.0.tgz",
      "integrity": "sha512-0u3VXBU6yGAsCRATxi9uC9VW91/9MlhoqrURbbxJy0gPihrYoEWoUqi0b07BI4AIfy2EPUYvf82IcgTxemb0jw==",
      "cpu": [
        "x64"
      ],
      "optional": true,
      "os": [
        "linux"
      ]
    },
    "node_modules/@deno/win32-arm64": {
      "version": "2.5.0",
      "resolved": "https://registry.npmjs.org/@deno/win32-arm64/-/win32-arm64-2.5.0.tgz",
      "integrity": "sha512-5mehFHYvMV/Kz9331FUnKwmocJBxvp/9dfwVK9Zn8MY1koLuvn8F6c0Tg0Vg+uZ9kwDSv9mhEvrkKLv2ZF2CPw==",
      "cpu": [
        "arm64"
      ],
      "optional": true,
      "os": [
        "win32"
      ]
    },
    "node_modules/@deno/win32-x64": {
      "version": "2.5.0",
      "resolved": "https://registry.npmjs.org/@deno/win32-x64/-/win32-x64-2.5.0.tgz",
      "integrity": "sha512-5k0eYnFn55NV2/i6LwSi/BM1pUkDdmMlAyxKSb3PhiPd+EpS1cxAFEwn92MRmQq7mG2uoUixR1n4A3MrfU259w==",
      "cpu": [
        "x64"
      ],
      "optional": true,
      "os": [
        "win32"
      ]
    },
    "node_modules/deno": {
      "version": "2.5.0",
      "resolved": "https://registry.npmjs.org/deno/-/deno-2.5.0.tgz",
      "integrity": "sha512-GMqK9VJzwFhluLPfPP1iM/qbDnug9t5CsMTv4jpowQoWCJbdghi1aL4+2oiXNm0WPI5e/q5QAcoc1PUfhnL6LA==",
      "hasInstallScript": true,
      "bin": {
        "deno": "bin.cjs"
      },
      "optionalDependencies": {
        "@deno/darwin-arm64": "2.5.0",
        "@deno/darwin-x64": "2.5.0",
        "@deno/linux-arm64-glibc": "2.5.0",
        "@deno/linux-x64-glibc": "2.5.0",
        "@deno/win32-arm64": "2.5.0",
        "@deno/win32-x64": "2.5.0"
      }
    },
    "node_modules/node-addon-api": {
      "version": "8.5.0",
      "resolved": "https://registry.npmjs.org/node-addon-api/-/node-addon-api-8.5.0.tgz",
      "integrity": "sha512-/bRZty2mXUIFY/xU5HLvveNHlswNJej+RnxBjOMkidWfwZzgTbPG1E3K5TOxRLOR+5hX7bSofy8yf1hZevMS8A==",
      "engines": {
        "node": "^18 || ^20 || >= 21"
      }
    },
    "node_modules/node-gyp-build": {
      "version": "4.8.4",
      "resolved": "https://registry.npmjs.org/node-gyp-build/-/node-gyp-build-4.8.4.tgz",
      "integrity": "sha512-LA4ZjwlnUblHVgq0oBF3Jl/6h/Nvs5fzBLwdEF4nuxnFdsfajde4WfxtJr3CaiH+F6ewcIB/q4jQ4UzPyid+CQ==",
      "bin": {
        "node-gyp-build": "bin.js",
        "node-gyp-build-optional": "optional.js",
        "node-gyp-build-test": "build-test.js"
      }
    },
    "node_modules/tree-sitter": {
      "version": "0.25.0",
      "resolved": "https://registry.npmjs.org/tree-sitter/-/tree-sitter-0.25.0.tgz",
      "integrity": "sha512-PGZZzFW63eElZJDe/b/R/LbsjDDYJa5UEjLZJB59RQsMX+fo0j54fqBPn1MGKav/QNa0JR0zBiVaikYDWCj5KQ==",
      "hasInstallScript": true,
      "dependencies": {
        "node-addon-api": "^8.3.0",
        "node-gyp-build": "^4.8.4"
      }
    },
    "node_modules/tree-sitter-cli": {
      "version": "0.27.0",
      "resolved": "https://registry.npmjs.org/tree-sitter-cli/-/tree-sitter-cli-0.27.0.tgz",
      "integrity": "sha512-E42kR0og1mFlZBxPj7K4fBXCTjxPTGe19U9RXGWNq0FQKzXOxIp8bhCYFMKhddiVZUsJwW35MYGU9Q1oVYtpbA==",
      "hasInstallScript": true,
      "license": "MIT",
      "bin": {
        "tree-sitter": "cli.js"
      },
      "engines": {
        "node": ">=12.0.0"
      }
    }
  }
}
